// !$*UTF8*$!
{
	archiveVersion = 1;
	classes = {
	};
	objectVersion = 46;
	objects = {

/* Begin PBXBuildFile section */
		5004F49C1B1DB25B00D0D851 /* main.cpp in Sources */ = {isa = PBXBuildFile; fileRef = 5004F49B1B1DB25B00D0D851 /* main.cpp */; };
		5004F4A41B1DB33B00D0D851 /* Date.cpp in Sources */ = {isa = PBXBuildFile; fileRef = 5004F4A21B1DB33B00D0D851 /* Date.cpp */; };
/* End PBXBuildFile section */

/* Begin PBXCopyFilesBuildPhase section */
		5004F4961B1DB25B00D0D851 /* CopyFiles */ = {
			isa = PBXCopyFilesBuildPhase;
			buildActionMask = 2147483647;
			dstPath = /usr/share/man/man1/;
			dstSubfolderSpec = 0;
			files = (
			);
			runOnlyForDeploymentPostprocessing = 1;
		};
/* End PBXCopyFilesBuildPhase section */

/* Begin PBXFileReference section */
		5004F4981B1DB25B00D0D851 /* StructWeather */ = {isa = PBXFileReference; explicitFileType = "compiled.mach-o.executable"; includeInIndex = 0; path = StructWeather; sourceTree = BUILT_PRODUCTS_DIR; };
		5004F49B1B1DB25B00D0D851 /* main.cpp */ = {isa = PBXFileReference; lastKnownFileType = sourcecode.cpp.cpp; path = main.cpp; sourceTree = "<group>"; };
		5004F4A21B1DB33B00D0D851 /* Date.cpp */ = {isa = PBXFileReference; fileEncoding = 4; lastKnownFileType = sourcecode.cpp.cpp; path = Date.cpp; sourceTree = "<group>"; };
		5004F4A31B1DB33B00D0D851 /* Date.h */ = {isa = PBXFileReference; fileEncoding = 4; lastKnownFileType = sourcecode.c.h; path = Date.h; sourceTree = "<group>"; };
/* End PBXFileReference section */

/* Begin PBXFrameworksBuildPhase section */
		5004F4951B1DB25B00D0D851 /* Frameworks */ = {
			isa = PBXFrameworksBuildPhase;
			buildActionMask = 2147483647;
			files = (
			);
			runOnlyForDeploymentPostprocessing = 0;
		};
/* End PBXFrameworksBuildPhase section */

/* Begin PBXGroup section */
		5004F48F1B1DB25B00D0D851 = {
			isa = PBXGroup;
			children = (
				5004F49A1B1DB25B00D0D851 /* StructWeather */,
				5004F4991B1DB25B00D0D851 /* Products */,
			);
			sourceTree = "<group>";
		};
		5004F4991B1DB25B00D0D851 /* Products */ = {
			isa = PBXGroup;
			children = (
				5004F4981B1DB25B00D0D851 /* StructWeather */,
			);
			name = Products;
			sourceTree = "<group>";
		};
		5004F49A1B1DB25B00D0D851 /* StructWeather */ = {
			isa = PBXGroup;
			children = (
				5004F4A21B1DB33B00D0D851 /* Date.cpp */,
				5004F4A31B1DB33B00D0D851 /* Date.h */,
				5004F49B1B1DB25B00D0D851 /* main.cpp */,
			);
			path = StructWeather;
			sourceTree = "<group>";
		};
/* End PBXGroup section */

/* Begin PBXNativeTarget section */
		5004F4971B1DB25B00D0D851 /* StructWeather */ = {
			isa = PBXNativeTarget;
			buildConfigurationList = 5004F49F1B1DB25B00D0D851 /* Build configuration list for PBXNativeTarget "StructWeather" */;
			buildPhases = (
				5004F4941B1DB25B00D0D851 /* Sources */,
				5004F4951B1DB25B00D0D851 /* Frameworks */,
				5004F4961B1DB25B00D0D851 /* CopyFiles */,
			);
			buildRules = (
			);
			dependencies = (
			);
			name = StructWeather;
			productName = StructWeather;
			productReference = 5004F4981B1DB25B00D0D851 /* StructWeather */;
			productType = "com.apple.product-type.tool";
		};
/* End PBXNativeTarget section */

/* Begin PBXProject section */
		5004F4901B1DB25B00D0D851 /* Project object */ = {
			isa = PBXProject;
			attributes = {
				LastUpgradeCheck = 0630;
				ORGANIZATIONNAME = "Ivan Magda";
				TargetAttributes = {
					5004F4971B1DB25B00D0D851 = {
						CreatedOnToolsVersion = 6.3.2;
					};
				};
			};
			buildConfigurationList = 5004F4931B1DB25B00D0D851 /* Build configuration list for PBXProject "StructWeather" */;
			compatibilityVersion = "Xcode 3.2";
			developmentRegion = English;
			hasScannedForEncodings = 0;
			knownRegions = (
				en,
			);
			mainGroup = 5004F48F1B1DB25B00D0D851;
			productRefGroup = 5004F4991B1DB25B00D0D851 /* Products */;
			projectDirPath = "";
			projectRoot = "";
			targets = (
				5004F4971B1DB25B00D0D851 /* StructWeather */,
			);
		};
/* End PBXProject section */

/* Begin PBXSourcesBuildPhase section */
		5004F4941B1DB25B00D0D851 /* Sources */ = {
			isa = PBXSourcesBuildPhase;
			buildActionMask = 2147483647;
			files = (
				5004F49C1B1DB25B00D0D851 /* main.cpp in Sources */,
				5004F4A41B1DB33B00D0D851 /* Date.cpp in Sources */,
			);
			runOnlyForDeploymentPostprocessing = 0;
		};
/* End PBXSourcesBuildPhase section */

/* Begin XCBuildConfiguration section */
		5004F49D1B1DB25B00D0D851 /* Debug */ = {
			isa = XCBuildConfiguration;
			buildSettings = {
				ALWAYS_SEARCH_USER_PATHS = NO;
				CLANG_CXX_LANGUAGE_STANDARD = "gnu++0x";
				CLANG_CXX_LIBRARY = "libc++";
				CLANG_ENABLE_MODULES = YES;
				CLANG_ENABLE_OBJC_ARC = YES;
				CLANG_WARN_BOOL_CONVERSION = YES;
				CLANG_WARN_CONSTANT_CONVERSION = YES;
				CLANG_WARN_DIRECT_OBJC_ISA_USAGE = YES_ERROR;
				CLANG_WARN_EMPTY_BODY = YES;
				CLANG_WARN_ENUM_CONVERSION = YES;
				CLANG_WARN_INT_CONVERSION = YES;
				CLANG_WARN_OBJC_ROOT_CLASS = YES_ERROR;
				CLANG_WARN_UNREACHABLE_CODE = YES;
				CLANG_WARN__DUPLICATE_METHOD_MATCH = YES;
				COPY_PHASE_STRIP = NO;
				DEBUG_INFORMATION_FORMAT = dwarf;
				ENABLE_STRICT_OBJC_MSGSEND = YES;
				GCC_C_LANGUAGE_STANDARD = gnu99;
				GCC_DYNAMIC_NO_PIC = NO;
				GCC_NO_COMMON_BLOCKS = YES;
				GCC_OPTIMIZATION_LEVEL = 0;
				GCC_PREPROCESSOR_DEFINITIONS = (
					"DEBUG=1",
					"$(inherited)",
				);
				GCC_SYMBOLS_PRIVATE_EXTERN = NO;
				GCC_WARN_64_TO_32_BIT_CONVERSION = YES;
				GCC_WARN_ABOUT_RETURN_TYPE = YES_ERROR;
				GCC_WARN_UNDECLARED_SELECTOR = YES;
				GCC_WARN_UNINITIALIZED_AUTOS = YES_AGGRESSIVE;
				GCC_WARN_UNUSED_FUNCTION = YES;
				GCC_WARN_UNUSED_VARIABLE = YES;
				MACOSX_DEPLOYMENT_TARGET = 10.10;
				MTL_ENABLE_DEBUG_INFO = YES;
				ONLY_ACTIVE_ARCH = YES;
				SDKROOT = macosx;
			};
			name = Debug;
		};
		5004F49E1B1DB25B00D0D851 /* Release */ = {
			isa = XCBuildConfiguration;
			buildSettings = {
				ALWAYS_SEARCH_USER_PATHS = NO;
				CLANG_CXX_LANGUAGE_STANDARD = "gnu++0x";
				CLANG_CXX_LIBRARY = "libc++";
				CLANG_ENABLE_MODULES = YES;
				CLANG_ENABLE_OBJC_ARC = YES;
				CLANG_WARN_BOOL_CONVERSION = YES;
				CLANG_WARN_CONSTANT_CONVERSION = YES;
				CLANG_WARN_DIRECT_OBJC_ISA_USAGE = YES_ERROR;
				CLANG_WARN_EMPTY_BODY = YES;
				CLANG_WARN_ENUM_CONVERSION = YES;
				CLANG_WARN_INT_CONVERSION = YES;
				CLANG_WARN_OBJC_ROOT_CLASS = YES_ERROR;
				CLANG_WARN_UNREACHABLE_CODE = YES;
				CLANG_WARN__DUPLICATE_METHOD_MATCH = YES;
				COPY_PHASE_STRIP = NO;
				DEBUG_INFORMATION_FORMAT = "dwarf-with-dsym";
				ENABLE_NS_ASSERTIONS = NO;
				ENABLE_STRICT_OBJC_MSGSEND = YES;
				GCC_C_LANGUAGE_STANDARD = gnu99;
				GCC_NO_COMMON_BLOCKS = YES;
				GCC_WARN_64_TO_32_BIT_CONVERSION = YES;
				GCC_WARN_ABOUT_RETURN_TYPE = YES_ERROR;
				GCC_WARN_UNDECLARED_SELECTOR = YES;
				GCC_WARN_UNINITIALIZED_AUTOS = YES_AGGRESSIVE;
				GCC_WARN_UNUSED_FUNCTION = YES;
				GCC_WARN_UNUSED_VARIABLE = YES;
				MACOSX_DEPLOYMENT_TARGET = 10.10;
				MTL_ENABLE_DEBUG_INFO = NO;
				SDKROOT = macosx;
			};
			name = Release;
		};
		5004F4A01B1DB25B00D0D851 /* Debug */ = {
			isa = XCBuildConfiguration;
			buildSettings = {
				PRODUCT_NAME = "$(TARGET_NAME)";
			};
			name = Debug;
		};
		5004F4A11B1DB25B00D0D851 /* Release */ = {
			isa = XCBuildConfiguration;
			buildSettings = {
				PRODUCT_NAME = "$(TARGET_NAME)";
			};
			name = Release;
		};
/* End XCBuildConfiguration section */

/* Begin XCConfigurationList section */
		5004F4931B1DB25B00D0D851 /* Build configuration list for PBXProject "StructWeather" */ = {
			isa = XCConfigurationList;
			buildConfigurations = (
				5004F49D1B1DB25B00D0D851 /* Debug */,
				5004F49E1B1DB25B00D0D851 /* Release */,
			);
			defaultConfigurationIsVisible = 0;
			defaultConfigurationName = Release;
		};
		5004F49F1B1DB25B00D0D851 /* Build configuration list for PBXNativeTarget "StructWeather" */ = {
			isa = XCConfigurationList;
			buildConfigurations = (
				5004F4A01B1DB25B00D0D851 /* Debug */,
				5004F4A11B1DB25B00D0D851 /* Release */,
			);
			defaultConfigurationIsVisible = 0;
		};
/* End XCConfigurationList section */
	};
	rootObject = 5004F4901B1DB25B00D0D851 /* Project object */;
}
