// !$*UTF8*$!
{
	archiveVersion = 1;
	classes = {
	};
	objectVersion = 46;
	objects = {

/* Begin PBXBuildFile section */
		50BC3F531AD275D600B76676 /* main.cpp in Sources */ = {isa = PBXBuildFile; fileRef = 50BC3F521AD275D600B76676 /* main.cpp */; };
		50BC3F5B1AD2782900B76676 /* Date.cpp in Sources */ = {isa = PBXBuildFile; fileRef = 50BC3F591AD2782900B76676 /* Date.cpp */; };
/* End PBXBuildFile section */

/* Begin PBXCopyFilesBuildPhase section */
		50BC3F4D1AD275D600B76676 /* CopyFiles */ = {
			isa = PBXCopyFilesBuildPhase;
			buildActionMask = 2147483647;
			dstPath = /usr/share/man/man1/;
			dstSubfolderSpec = 0;
			files = (
			);
			runOnlyForDeploymentPostprocessing = 1;
		};
/* End PBXCopyFilesBuildPhase section */

/* Begin PBXFileReference section */
		50BC3F4F1AD275D600B76676 /* Lab2_Struct */ = {isa = PBXFileReference; explicitFileType = "compiled.mach-o.executable"; includeInIndex = 0; path = Lab2_Struct; sourceTree = BUILT_PRODUCTS_DIR; };
		50BC3F521AD275D600B76676 /* main.cpp */ = {isa = PBXFileReference; lastKnownFileType = sourcecode.cpp.cpp; path = main.cpp; sourceTree = "<group>"; };
		50BC3F591AD2782900B76676 /* Date.cpp */ = {isa = PBXFileReference; fileEncoding = 4; lastKnownFileType = sourcecode.cpp.cpp; path = Date.cpp; sourceTree = "<group>"; };
		50BC3F5A1AD2782900B76676 /* Date.h */ = {isa = PBXFileReference; fileEncoding = 4; lastKnownFileType = sourcecode.c.h; path = Date.h; sourceTree = "<group>"; };
/* End PBXFileReference section */

/* Begin PBXFrameworksBuildPhase section */
		50BC3F4C1AD275D600B76676 /* Frameworks */ = {
			isa = PBXFrameworksBuildPhase;
			buildActionMask = 2147483647;
			files = (
			);
			runOnlyForDeploymentPostprocessing = 0;
		};
/* End PBXFrameworksBuildPhase section */

/* Begin PBXGroup section */
		50BC3F461AD275D600B76676 = {
			isa = PBXGroup;
			children = (
				50BC3F511AD275D600B76676 /* Lab2_Struct */,
				50BC3F501AD275D600B76676 /* Products */,
			);
			sourceTree = "<group>";
		};
		50BC3F501AD275D600B76676 /* Products */ = {
			isa = PBXGroup;
			children = (
				50BC3F4F1AD275D600B76676 /* Lab2_Struct */,
			);
			name = Products;
			sourceTree = "<group>";
		};
		50BC3F511AD275D600B76676 /* Lab2_Struct */ = {
			isa = PBXGroup;
			children = (
				50BC3F5A1AD2782900B76676 /* Date.h */,
				50BC3F591AD2782900B76676 /* Date.cpp */,
				50BC3F521AD275D600B76676 /* main.cpp */,
			);
			path = Lab2_Struct;
			sourceTree = "<group>";
		};
/* End PBXGroup section */

/* Begin PBXNativeTarget section */
		50BC3F4E1AD275D600B76676 /* Lab2_Struct */ = {
			isa = PBXNativeTarget;
			buildConfigurationList = 50BC3F561AD275D600B76676 /* Build configuration list for PBXNativeTarget "Lab2_Struct" */;
			buildPhases = (
				50BC3F4B1AD275D600B76676 /* Sources */,
				50BC3F4C1AD275D600B76676 /* Frameworks */,
				50BC3F4D1AD275D600B76676 /* CopyFiles */,
			);
			buildRules = (
			);
			dependencies = (
			);
			name = Lab2_Struct;
			productName = Lab2_Struct;
			productReference = 50BC3F4F1AD275D600B76676 /* Lab2_Struct */;
			productType = "com.apple.product-type.tool";
		};
/* End PBXNativeTarget section */

/* Begin PBXProject section */
		50BC3F471AD275D600B76676 /* Project object */ = {
			isa = PBXProject;
			attributes = {
				LastUpgradeCheck = 0630;
				ORGANIZATIONNAME = "Ivan Magda";
				TargetAttributes = {
					50BC3F4E1AD275D600B76676 = {
						CreatedOnToolsVersion = 6.3;
					};
				};
			};
			buildConfigurationList = 50BC3F4A1AD275D600B76676 /* Build configuration list for PBXProject "Lab2_Struct" */;
			compatibilityVersion = "Xcode 3.2";
			developmentRegion = English;
			hasScannedForEncodings = 0;
			knownRegions = (
				en,
			);
			mainGroup = 50BC3F461AD275D600B76676;
			productRefGroup = 50BC3F501AD275D600B76676 /* Products */;
			projectDirPath = "";
			projectRoot = "";
			targets = (
				50BC3F4E1AD275D600B76676 /* Lab2_Struct */,
			);
		};
/* End PBXProject section */

/* Begin PBXSourcesBuildPhase section */
		50BC3F4B1AD275D600B76676 /* Sources */ = {
			isa = PBXSourcesBuildPhase;
			buildActionMask = 2147483647;
			files = (
				50BC3F531AD275D600B76676 /* main.cpp in Sources */,
				50BC3F5B1AD2782900B76676 /* Date.cpp in Sources */,
			);
			runOnlyForDeploymentPostprocessing = 0;
		};
/* End PBXSourcesBuildPhase section */

/* Begin XCBuildConfiguration section */
		50BC3F541AD275D600B76676 /* Debug */ = {
			isa = XCBuildConfiguration;
			buildSettings = {
				ALWAYS_SEARCH_USER_PATHS = NO;
				CLANG_CXX_LANGUAGE_STANDARD = "gnu++0x";
				CLANG_CXX_LIBRARY = "libc++";
				CLANG_ENABLE_MODULES = YES;
				CLANG_ENABLE_OBJC_ARC = YES;
				CLANG_WARN_BOOL_CONVERSION = YES;
				CLANG_WARN_CONSTANT_CONVERSION = YES;
				CLANG_WARN_DIRECT_OBJC_ISA_USAGE = YES_ERROR;
				CLANG_WARN_EMPTY_BODY = YES;
				CLANG_WARN_ENUM_CONVERSION = YES;
				CLANG_WARN_INT_CONVERSION = YES;
				CLANG_WARN_OBJC_ROOT_CLASS = YES_ERROR;
				CLANG_WARN_UNREACHABLE_CODE = YES;
				CLANG_WARN__DUPLICATE_METHOD_MATCH = YES;
				COPY_PHASE_STRIP = NO;
				DEBUG_INFORMATION_FORMAT = dwarf;
				ENABLE_STRICT_OBJC_MSGSEND = YES;
				GCC_C_LANGUAGE_STANDARD = gnu99;
				GCC_DYNAMIC_NO_PIC = NO;
				GCC_NO_COMMON_BLOCKS = YES;
				GCC_OPTIMIZATION_LEVEL = 0;
				GCC_PREPROCESSOR_DEFINITIONS = (
					"DEBUG=1",
					"$(inherited)",
				);
				GCC_SYMBOLS_PRIVATE_EXTERN = NO;
				GCC_WARN_64_TO_32_BIT_CONVERSION = YES;
				GCC_WARN_ABOUT_RETURN_TYPE = YES_ERROR;
				GCC_WARN_UNDECLARED_SELECTOR = YES;
				GCC_WARN_UNINITIALIZED_AUTOS = YES_AGGRESSIVE;
				GCC_WARN_UNUSED_FUNCTION = YES;
				GCC_WARN_UNUSED_VARIABLE = YES;
				MACOSX_DEPLOYMENT_TARGET = 10.10;
				MTL_ENABLE_DEBUG_INFO = YES;
				ONLY_ACTIVE_ARCH = YES;
				SDKROOT = macosx;
			};
			name = Debug;
		};
		50BC3F551AD275D600B76676 /* Release */ = {
			isa = XCBuildConfiguration;
			buildSettings = {
				ALWAYS_SEARCH_USER_PATHS = NO;
				CLANG_CXX_LANGUAGE_STANDARD = "gnu++0x";
				CLANG_CXX_LIBRARY = "libc++";
				CLANG_ENABLE_MODULES = YES;
				CLANG_ENABLE_OBJC_ARC = YES;
				CLANG_WARN_BOOL_CONVERSION = YES;
				CLANG_WARN_CONSTANT_CONVERSION = YES;
				CLANG_WARN_DIRECT_OBJC_ISA_USAGE = YES_ERROR;
				CLANG_WARN_EMPTY_BODY = YES;
				CLANG_WARN_ENUM_CONVERSION = YES;
				CLANG_WARN_INT_CONVERSION = YES;
				CLANG_WARN_OBJC_ROOT_CLASS = YES_ERROR;
				CLANG_WARN_UNREACHABLE_CODE = YES;
				CLANG_WARN__DUPLICATE_METHOD_MATCH = YES;
				COPY_PHASE_STRIP = NO;
				DEBUG_INFORMATION_FORMAT = "dwarf-with-dsym";
				ENABLE_NS_ASSERTIONS = NO;
				ENABLE_STRICT_OBJC_MSGSEND = YES;
				GCC_C_LANGUAGE_STANDARD = gnu99;
				GCC_NO_COMMON_BLOCKS = YES;
				GCC_WARN_64_TO_32_BIT_CONVERSION = YES;
				GCC_WARN_ABOUT_RETURN_TYPE = YES_ERROR;
				GCC_WARN_UNDECLARED_SELECTOR = YES;
				GCC_WARN_UNINITIALIZED_AUTOS = YES_AGGRESSIVE;
				GCC_WARN_UNUSED_FUNCTION = YES;
				GCC_WARN_UNUSED_VARIABLE = YES;
				MACOSX_DEPLOYMENT_TARGET = 10.10;
				MTL_ENABLE_DEBUG_INFO = NO;
				SDKROOT = macosx;
			};
			name = Release;
		};
		50BC3F571AD275D600B76676 /* Debug */ = {
			isa = XCBuildConfiguration;
			buildSettings = {
				PRODUCT_NAME = "$(TARGET_NAME)";
			};
			name = Debug;
		};
		50BC3F581AD275D600B76676 /* Release */ = {
			isa = XCBuildConfiguration;
			buildSettings = {
				PRODUCT_NAME = "$(TARGET_NAME)";
			};
			name = Release;
		};
/* End XCBuildConfiguration section */

/* Begin XCConfigurationList section */
		50BC3F4A1AD275D600B76676 /* Build configuration list for PBXProject "Lab2_Struct" */ = {
			isa = XCConfigurationList;
			buildConfigurations = (
				50BC3F541AD275D600B76676 /* Debug */,
				50BC3F551AD275D600B76676 /* Release */,
			);
			defaultConfigurationIsVisible = 0;
			defaultConfigurationName = Release;
		};
		50BC3F561AD275D600B76676 /* Build configuration list for PBXNativeTarget "Lab2_Struct" */ = {
			isa = XCConfigurationList;
			buildConfigurations = (
				50BC3F571AD275D600B76676 /* Debug */,
				50BC3F581AD275D600B76676 /* Release */,
			);
			defaultConfigurationIsVisible = 0;
		};
/* End XCConfigurationList section */
	};
	rootObject = 50BC3F471AD275D600B76676 /* Project object */;
}
